
Microsoft Visual Studio Solution File, Format Version 12.00
# Visual Studio 15
VisualStudioVersion = 15.0.27428.2043
MinimumVisualStudioVersion = 10.0.40219.1
Project("{8BC9CEB8-8B4A-11D0-8D11-00A0C91BC942}") = "game-project", "game-project.vcxproj", "{5DFFB9AF-2BD5-4605-A4E7-44F299454496}"
EndProject
Global
	GlobalSection(SolutionConfigurationPlatforms) = preSolution
		Debug|x64 = Debug|x64
		Debug|x86 = Debug|x86
		Release|x64 = Release|x64
		Release|x86 = Release|x86
	EndGlobalSection
	GlobalSection(ProjectConfigurationPlatforms) = postSolution
		{5DFFB9AF-2BD5-4605-A4E7-44F299454496}.Debug|x64.ActiveCfg = Debug|x64
		{5DFFB9AF-2BD5-4605-A4E7-44F299454496}.Debug|x64.Build.0 = Debug|x64
		{5DFFB9AF-2BD5-4605-A4E7-44F299454496}.Debug|x86.ActiveCfg = Debug|Win32
		{5DFFB9AF-2BD5-4605-A4E7-44F299454496}.Debug|x86.Build.0 = Debug|Win32
		{5DFFB9AF-2BD5-4605-A4E7-44F299454496}.Release|x64.ActiveCfg = Release|x64
		{5DFFB9AF-2BD5-4605-A4E7-44F299454496}.Release|x64.Build.0 = Release|x64
		{5DFFB9AF-2BD5-4605-A4E7-44F299454496}.Release|x86.ActiveCfg = Release|Win32
		{5DFFB9AF-2BD5-4605-A4E7-44F299454496}.Release|x86.Build.0 = Release|Win32
	EndGlobalSection
	GlobalSection(SolutionProperties) = preSolution
		HideSolutionNode = FALSE
	EndGlobalSection
	GlobalSection(ExtensibilityGlobals) = postSolution
		SolutionGuid = {231B1E37-A0F8-4933-8448-F436644A7A06}
	EndGlobalSection
EndGlobal
